// !$*UTF8*$!
{
	archiveVersion = 1;
	classes = {
	};
	objectVersion = 77;
	objects = {

/* Begin PBXBuildFile section */
		MR00000021 /* DomainModels in Frameworks */ = {isa = PBXBuildFile; productRef = MR00000011 /* DomainModels */; };
		MR00000022 /* LibraryStore in Frameworks */ = {isa = PBXBuildFile; productRef = MR00000012 /* LibraryStore */; };
		MR00000023 /* RecordingEngine in Frameworks */ = {isa = PBXBuildFile; productRef = MR00000013 /* RecordingEngine */; };
		MR00000024 /* Transcriber in Frameworks */ = {isa = PBXBuildFile; productRef = MR00000014 /* Transcriber */; };
		MR00000025 /* Diarizer in Frameworks */ = {isa = PBXBuildFile; productRef = MR00000015 /* Diarizer */; };
		MR00000026 /* Summarizer in Frameworks */ = {isa = PBXBuildFile; productRef = MR00000016 /* Summarizer */; };
		MR00000027 /* Pipeline in Frameworks */ = {isa = PBXBuildFile; productRef = MR00000017 /* Pipeline */; };
		MR00000028 /* PrivacyController in Frameworks */ = {isa = PBXBuildFile; productRef = MR00000018 /* PrivacyController */; };
		MR00000029 /* UI in Frameworks */ = {isa = PBXBuildFile; productRef = MR00000019 /* UI */; };
		MR0000002A /* RecordingCoordinator in Frameworks */ = {isa = PBXBuildFile; productRef = MR0000001A /* RecordingCoordinator */; };
/* End PBXBuildFile section */

/* Begin PBXContainerItemProxy section */
		C0447D982FB6338700E328F3 /* PBXContainerItemProxy */ = {
			isa = PBXContainerItemProxy;
			containerPortal = C0447D7A2FB6311B00E328F3 /* Project object */;
			proxyType = 1;
			remoteGlobalIDString = C0447D812FB6311B00E328F3;
			remoteInfo = EdgeLauncher;
		};
/* End PBXContainerItemProxy section */

/* Begin PBXFileReference section */
		C0447D822FB6311B00E328F3 /* EdgeLauncher.app */ = {isa = PBXFileReference; explicitFileType = wrapper.application; includeInIndex = 0; path = EdgeLauncher.app; sourceTree = BUILT_PRODUCTS_DIR; };
		C0447D942FB6338700E328F3 /* EdgeLauncherTests.xctest */ = {isa = PBXFileReference; explicitFileType = wrapper.cfbundle; includeInIndex = 0; path = EdgeLauncherTests.xctest; sourceTree = BUILT_PRODUCTS_DIR; };
/* End PBXFileReference section */

/* Begin PBXFileSystemSynchronizedRootGroup section */
		C0447D842FB6311B00E328F3 /* EdgeLauncher */ = {
			isa = PBXFileSystemSynchronizedRootGroup;
			path = EdgeLauncher;
			sourceTree = "<group>";
		};
		C0447D952FB6338700E328F3 /* EdgeLauncherTests */ = {
			isa = PBXFileSystemSynchronizedRootGroup;
			path = EdgeLauncherTests;
			sourceTree = "<group>";
		};
/* End PBXFileSystemSynchronizedRootGroup section */

/* Begin PBXFrameworksBuildPhase section */
		C0447D7F2FB6311B00E328F3 /* Frameworks */ = {
			isa = PBXFrameworksBuildPhase;
			buildActionMask = 2147483647;
			files = (
				MR00000021 /* DomainModels in Frameworks */,
				MR00000022 /* LibraryStore in Frameworks */,
				MR00000023 /* RecordingEngine in Frameworks */,
				MR00000024 /* Transcriber in Frameworks */,
				MR00000025 /* Diarizer in Frameworks */,
				MR00000026 /* Summarizer in Frameworks */,
				MR00000027 /* Pipeline in Frameworks */,
				MR00000028 /* PrivacyController in Frameworks */,
				MR00000029 /* UI in Frameworks */,
				MR0000002A /* RecordingCoordinator in Frameworks */,
			);
			runOnlyForDeploymentPostprocessing = 0;
		};
		C0447D912FB6338700E328F3 /* Frameworks */ = {
			isa = PBXFrameworksBuildPhase;
			buildActionMask = 2147483647;
			files = (
			);
			runOnlyForDeploymentPostprocessing = 0;
		};
/* End PBXFrameworksBuildPhase section */

/* Begin PBXGroup section */
		C0447D792FB6311B00E328F3 = {
			isa = PBXGroup;
			children = (
				C0447D842FB6311B00E328F3 /* EdgeLauncher */,
				C0447D952FB6338700E328F3 /* EdgeLauncherTests */,
				C0447D832FB6311B00E328F3 /* Products */,
			);
			sourceTree = "<group>";
		};
		C0447D832FB6311B00E328F3 /* Products */ = {
			isa = PBXGroup;
			children = (
				C0447D822FB6311B00E328F3 /* EdgeLauncher.app */,
				C0447D942FB6338700E328F3 /* EdgeLauncherTests.xctest */,
			);
			name = Products;
			sourceTree = "<group>";
		};
/* End PBXGroup section */

/* Begin PBXNativeTarget section */
		C0447D812FB6311B00E328F3 /* EdgeLauncher */ = {
			isa = PBXNativeTarget;
			buildConfigurationList = C0447D8D2FB6311C00E328F3 /* Build configuration list for PBXNativeTarget "EdgeLauncher" */;
			buildPhases = (
				C0447D7E2FB6311B00E328F3 /* Sources */,
				C0447D7F2FB6311B00E328F3 /* Frameworks */,
				C0447D802FB6311B00E328F3 /* Resources */,
				C0447DE12FB6312300E328F3 /* Inject Info.plist */,
			);
			buildRules = (
			);
			dependencies = (
			);
			fileSystemSynchronizedGroups = (
				C0447D842FB6311B00E328F3 /* EdgeLauncher */,
			);
			name = EdgeLauncher;
			packageProductDependencies = (
				MR00000011 /* DomainModels */,
				MR00000012 /* LibraryStore */,
				MR00000013 /* RecordingEngine */,
				MR00000014 /* Transcriber */,
				MR00000015 /* Diarizer */,
				MR00000016 /* Summarizer */,
				MR00000017 /* Pipeline */,
				MR00000018 /* PrivacyController */,
				MR00000019 /* UI */,
				MR0000001A /* RecordingCoordinator */,
			);
			productName = EdgeLauncher;
			productReference = C0447D822FB6311B00E328F3 /* EdgeLauncher.app */;
			productType = "com.apple.product-type.application";
		};
		C0447D932FB6338700E328F3 /* EdgeLauncherTests */ = {
			isa = PBXNativeTarget;
			buildConfigurationList = C0447D9A2FB6338700E328F3 /* Build configuration list for PBXNativeTarget "EdgeLauncherTests" */;
			buildPhases = (
				C0447D902FB6338700E328F3 /* Sources */,
				C0447D912FB6338700E328F3 /* Frameworks */,
				C0447D922FB6338700E328F3 /* Resources */,
			);
			buildRules = (
			);
			dependencies = (
				C0447D992FB6338700E328F3 /* PBXTargetDependency */,
			);
			fileSystemSynchronizedGroups = (
				C0447D952FB6338700E328F3 /* EdgeLauncherTests */,
			);
			name = EdgeLauncherTests;
			packageProductDependencies = (
			);
			productName = EdgeLauncherTests;
			productReference = C0447D942FB6338700E328F3 /* EdgeLauncherTests.xctest */;
			productType = "com.apple.product-type.bundle.unit-test";
		};
/* End PBXNativeTarget section */

/* Begin PBXProject section */
		C0447D7A2FB6311B00E328F3 /* Project object */ = {
			isa = PBXProject;
			attributes = {
				BuildIndependentTargetsInParallel = 1;
				LastSwiftUpdateCheck = 2650;
				LastUpgradeCheck = 2650;
				TargetAttributes = {
					C0447D812FB6311B00E328F3 = {
						CreatedOnToolsVersion = 26.5;
					};
					C0447D932FB6338700E328F3 = {
						CreatedOnToolsVersion = 26.5;
						TestTargetID = C0447D812FB6311B00E328F3;
					};
				};
			};
			buildConfigurationList = C0447D7D2FB6311B00E328F3 /* Build configuration list for PBXProject "EdgeLauncher" */;
			developmentRegion = en;
			hasScannedForEncodings = 0;
			knownRegions = (
				en,
				Base,
			);
			mainGroup = C0447D792FB6311B00E328F3;
			minimizedProjectReferenceProxies = 1;
			packageReferences = (
				MR00000001 /* XCLocalSwiftPackageReference "../MeetingRecorder" */,
			);
			preferredProjectObjectVersion = 77;
			productRefGroup = C0447D832FB6311B00E328F3 /* Products */;
			projectDirPath = "";
			projectRoot = "";
			targets = (
				C0447D812FB6311B00E328F3 /* EdgeLauncher */,
				C0447D932FB6338700E328F3 /* EdgeLauncherTests */,
			);
		};
/* End PBXProject section */

/* Begin PBXResourcesBuildPhase section */
		C0447D802FB6311B00E328F3 /* Resources */ = {
			isa = PBXResourcesBuildPhase;
			buildActionMask = 2147483647;
			files = (
			);
			runOnlyForDeploymentPostprocessing = 0;
		};
		C0447D922FB6338700E328F3 /* Resources */ = {
			isa = PBXResourcesBuildPhase;
			buildActionMask = 2147483647;
			files = (
			);
			runOnlyForDeploymentPostprocessing = 0;
		};
/* End PBXResourcesBuildPhase section */

/* Begin PBXShellScriptBuildPhase section */
		C0447DE12FB6312300E328F3 /* Inject Info.plist */ = {
			isa = PBXShellScriptBuildPhase;
			alwaysOutOfDate = 1;
			buildActionMask = 2147483647;
			files = (
			);
			inputFileListPaths = (
			);
			inputPaths = (
				"$(SRCROOT)/scripts/inject-info-plist.sh",
			);
			name = "Inject Info.plist";
			outputFileListPaths = (
			);
			outputPaths = (
			);
			runOnlyForDeploymentPostprocessing = 0;
			shellPath = /bin/bash;
			shellScript = "set -e\nbash \"$SRCROOT/scripts/inject-info-plist.sh\"\n";
		};
/* End PBXShellScriptBuildPhase section */

/* Begin PBXSourcesBuildPhase section */
		C0447D7E2FB6311B00E328F3 /* Sources */ = {
			isa = PBXSourcesBuildPhase;
			buildActionMask = 2147483647;
			files = (
			);
			runOnlyForDeploymentPostprocessing = 0;
		};
		C0447D902FB6338700E328F3 /* Sources */ = {
			isa = PBXSourcesBuildPhase;
			buildActionMask = 2147483647;
			files = (
			);
			runOnlyForDeploymentPostprocessing = 0;
		};
/* End PBXSourcesBuildPhase section */

/* Begin PBXTargetDependency section */
		C0447D992FB6338700E328F3 /* PBXTargetDependency */ = {
			isa = PBXTargetDependency;
			target = C0447D812FB6311B00E328F3 /* EdgeLauncher */;
			targetProxy = C0447D982FB6338700E328F3 /* PBXContainerItemProxy */;
		};
/* End PBXTargetDependency section */

/* Begin XCBuildConfiguration section */
		C0447D8B2FB6311C00E328F3 /* Debug */ = {
			isa = XCBuildConfiguration;
			buildSettings = {
				ALWAYS_SEARCH_USER_PATHS = NO;
				ASSETCATALOG_COMPILER_GENERATE_SWIFT_ASSET_SYMBOL_EXTENSIONS = YES;
				CLANG_ANALYZER_NONNULL = YES;
				CLANG_ANALYZER_NUMBER_OBJECT_CONVERSION = YES_AGGRESSIVE;
				CLANG_CXX_LANGUAGE_STANDARD = "gnu++20";
				CLANG_ENABLE_MODULES = YES;
				CLANG_ENABLE_OBJC_ARC = YES;
				CLANG_ENABLE_OBJC_WEAK = YES;
				CLANG_WARN_BLOCK_CAPTURE_AUTORELEASING = YES;
				CLANG_WARN_BOOL_CONVERSION = YES;
				CLANG_WARN_COMMA = YES;
				CLANG_WARN_CONSTANT_CONVERSION = YES;
				CLANG_WARN_DEPRECATED_OBJC_IMPLEMENTATIONS = YES;
				CLANG_WARN_DIRECT_OBJC_ISA_USAGE = YES_ERROR;
				CLANG_WARN_DOCUMENTATION_COMMENTS = YES;
				CLANG_WARN_EMPTY_BODY = YES;
				CLANG_WARN_ENUM_CONVERSION = YES;
				CLANG_WARN_INFINITE_RECURSION = YES;
				CLANG_WARN_INT_CONVERSION = YES;
				CLANG_WARN_NON_LITERAL_NULL_CONVERSION = YES;
				CLANG_WARN_OBJC_IMPLICIT_RETAIN_SELF = YES;
				CLANG_WARN_OBJC_LITERAL_CONVERSION = YES;
				CLANG_WARN_OBJC_ROOT_CLASS = YES_ERROR;
				CLANG_WARN_QUOTED_INCLUDE_IN_FRAMEWORK_HEADER = YES;
				CLANG_WARN_RANGE_LOOP_ANALYSIS = YES;
				CLANG_WARN_STRICT_PROTOTYPES = YES;
				CLANG_WARN_SUSPICIOUS_MOVE = YES;
				CLANG_WARN_UNGUARDED_AVAILABILITY = YES_AGGRESSIVE;
				CLANG_WARN_UNREACHABLE_CODE = YES;
				CLANG_WARN__DUPLICATE_METHOD_MATCH = YES;
				COPY_PHASE_STRIP = NO;
				DEBUG_INFORMATION_FORMAT = dwarf;
				DEVELOPMENT_TEAM = "";
				ENABLE_STRICT_OBJC_MSGSEND = YES;
				ENABLE_TESTABILITY = YES;
				ENABLE_USER_SCRIPT_SANDBOXING = YES;
				GCC_C_LANGUAGE_STANDARD = gnu17;
				GCC_DYNAMIC_NO_PIC = NO;
				GCC_NO_COMMON_BLOCKS = YES;
				GCC_OPTIMIZATION_LEVEL = 0;
				GCC_PREPROCESSOR_DEFINITIONS = (
					"DEBUG=1",
					"$(inherited)",
				);
				GCC_WARN_64_TO_32_BIT_CONVERSION = YES;
				GCC_WARN_ABOUT_RETURN_TYPE = YES_ERROR;
				GCC_WARN_UNDECLARED_SELECTOR = YES;
				GCC_WARN_UNINITIALIZED_AUTOS = YES_AGGRESSIVE;
				GCC_WARN_UNUSED_FUNCTION = YES;
				GCC_WARN_UNUSED_VARIABLE = YES;
				LOCALIZATION_PREFERS_STRING_CATALOGS = YES;
				MACOSX_DEPLOYMENT_TARGET = 26.4;
				MTL_ENABLE_DEBUG_INFO = INCLUDE_SOURCE;
				MTL_FAST_MATH = YES;
				ONLY_ACTIVE_ARCH = YES;
				SDKROOT = macosx;
				SWIFT_ACTIVE_COMPILATION_CONDITIONS = "DEBUG $(inherited)";
				SWIFT_OPTIMIZATION_LEVEL = "-Onone";
			};
			name = Debug;
		};
		C0447D8C2FB6311C00E328F3 /* Release */ = {
			isa = XCBuildConfiguration;
			buildSettings = {
				ALWAYS_SEARCH_USER_PATHS = NO;
				ASSETCATALOG_COMPILER_GENERATE_SWIFT_ASSET_SYMBOL_EXTENSIONS = YES;
				CLANG_ANALYZER_NONNULL = YES;
				CLANG_ANALYZER_NUMBER_OBJECT_CONVERSION = YES_AGGRESSIVE;
				CLANG_CXX_LANGUAGE_STANDARD = "gnu++20";
				CLANG_ENABLE_MODULES = YES;
				CLANG_ENABLE_OBJC_ARC = YES;
				CLANG_ENABLE_OBJC_WEAK = YES;
				CLANG_WARN_BLOCK_CAPTURE_AUTORELEASING = YES;
				CLANG_WARN_BOOL_CONVERSION = YES;
				CLANG_WARN_COMMA = YES;
				CLANG_WARN_CONSTANT_CONVERSION = YES;
				CLANG_WARN_DEPRECATED_OBJC_IMPLEMENTATIONS = YES;
				CLANG_WARN_DIRECT_OBJC_ISA_USAGE = YES_ERROR;
				CLANG_WARN_DOCUMENTATION_COMMENTS = YES;
				CLANG_WARN_EMPTY_BODY = YES;
				CLANG_WARN_ENUM_CONVERSION = YES;
				CLANG_WARN_INFINITE_RECURSION = YES;
				CLANG_WARN_INT_CONVERSION = YES;
				CLANG_WARN_NON_LITERAL_NULL_CONVERSION = YES;
				CLANG_WARN_OBJC_IMPLICIT_RETAIN_SELF = YES;
				CLANG_WARN_OBJC_LITERAL_CONVERSION = YES;
				CLANG_WARN_OBJC_ROOT_CLASS = YES_ERROR;
				CLANG_WARN_QUOTED_INCLUDE_IN_FRAMEWORK_HEADER = YES;
				CLANG_WARN_RANGE_LOOP_ANALYSIS = YES;
				CLANG_WARN_STRICT_PROTOTYPES = YES;
				CLANG_WARN_SUSPICIOUS_MOVE = YES;
				CLANG_WARN_UNGUARDED_AVAILABILITY = YES_AGGRESSIVE;
				CLANG_WARN_UNREACHABLE_CODE = YES;
				CLANG_WARN__DUPLICATE_METHOD_MATCH = YES;
				COPY_PHASE_STRIP = NO;
				DEBUG_INFORMATION_FORMAT = "dwarf-with-dsym";
				DEVELOPMENT_TEAM = "";
				ENABLE_NS_ASSERTIONS = NO;
				ENABLE_STRICT_OBJC_MSGSEND = YES;
				ENABLE_USER_SCRIPT_SANDBOXING = YES;
				GCC_C_LANGUAGE_STANDARD = gnu17;
				GCC_NO_COMMON_BLOCKS = YES;
				GCC_WARN_64_TO_32_BIT_CONVERSION = YES;
				GCC_WARN_ABOUT_RETURN_TYPE = YES_ERROR;
				GCC_WARN_UNDECLARED_SELECTOR = YES;
				GCC_WARN_UNINITIALIZED_AUTOS = YES_AGGRESSIVE;
				GCC_WARN_UNUSED_FUNCTION = YES;
				GCC_WARN_UNUSED_VARIABLE = YES;
				LOCALIZATION_PREFERS_STRING_CATALOGS = YES;
				MACOSX_DEPLOYMENT_TARGET = 26.4;
				MTL_ENABLE_DEBUG_INFO = NO;
				MTL_FAST_MATH = YES;
				SDKROOT = macosx;
				SWIFT_COMPILATION_MODE = wholemodule;
			};
			name = Release;
		};
		C0447D8E2FB6311C00E328F3 /* Debug */ = {
			isa = XCBuildConfiguration;
			buildSettings = {
				ASSETCATALOG_COMPILER_APPICON_NAME = AppIcon;
				ASSETCATALOG_COMPILER_GLOBAL_ACCENT_COLOR_NAME = AccentColor;
				CODE_SIGN_STYLE = Automatic;
				COMBINE_HIDPI_IMAGES = YES;
				CURRENT_PROJECT_VERSION = 1;
				DEVELOPMENT_TEAM = "";
				ENABLE_APP_SANDBOX = NO;
				ENABLE_HARDENED_RUNTIME = YES;
				ENABLE_INCOMING_NETWORK_CONNECTIONS = NO;
				ENABLE_OUTGOING_NETWORK_CONNECTIONS = YES;
				ENABLE_PREVIEWS = YES;
				ENABLE_RESOURCE_ACCESS_AUDIO_INPUT = YES;
				ENABLE_RESOURCE_ACCESS_BLUETOOTH = NO;
				ENABLE_RESOURCE_ACCESS_CALENDARS = YES;
				ENABLE_RESOURCE_ACCESS_CAMERA = NO;
				ENABLE_RESOURCE_ACCESS_CONTACTS = NO;
				ENABLE_RESOURCE_ACCESS_LOCATION = YES;
				ENABLE_RESOURCE_ACCESS_PRINTING = NO;
				ENABLE_RESOURCE_ACCESS_USB = NO;
				ENABLE_USER_SCRIPT_SANDBOXING = NO;
				ENABLE_USER_SELECTED_FILES = readonly;
				GENERATE_INFOPLIST_FILE = YES;
				INFOPLIST_KEY_NSAppleEventsUsageDescription = "윈도우를 Xeneon Edge 디스플레이로 이동하기 위해 사용합니다";
				INFOPLIST_KEY_NSCalendarsFullAccessUsageDescription = "macOS Calendar와 Outlook 일정을 위젯에 표시합니다.";
				INFOPLIST_KEY_NSCalendarsUsageDescription = "macOS Calendar와 Outlook 일정을 위젯에 표시합니다.";
				INFOPLIST_KEY_NSHumanReadableCopyright = "";
				INFOPLIST_KEY_NSLocationWhenInUseUsageDescription = "현재 위치 기반 날씨 정보를 표시하기 위해 사용합니다.";
				INFOPLIST_KEY_NSMicrophoneUsageDescription = "회의록 모듈에서 회의를 녹음하기 위해 마이크를 사용합니다.";
				INFOPLIST_KEY_NSRemindersFullAccessUsageDescription = "macOS 미리알림을 위젯에 표시하고, 칸반 전용 컬럼에서 읽기·생성·수정·완료하기 위해 사용합니다.";
				INFOPLIST_KEY_NSRemindersUsageDescription = "macOS 미리알림을 위젯에 표시하고, 칸반 전용 컬럼에서 읽기·생성·수정·완료하기 위해 사용합니다.";
				LD_RUNPATH_SEARCH_PATHS = (
					"$(inherited)",
					"@executable_path/../Frameworks",
				);
				MACOSX_DEPLOYMENT_TARGET = 14.0;
				MARKETING_VERSION = 0.3.138;
				PRODUCT_BUNDLE_IDENTIFIER = com.jyp.EdgeLauncher;
				PRODUCT_NAME = "$(TARGET_NAME)";
				REGISTER_APP_GROUPS = YES;
				STRING_CATALOG_GENERATE_SYMBOLS = YES;
				SWIFT_APPROACHABLE_CONCURRENCY = YES;
				SWIFT_DEFAULT_ACTOR_ISOLATION = MainActor;
				SWIFT_EMIT_LOC_STRINGS = YES;
				SWIFT_UPCOMING_FEATURE_MEMBER_IMPORT_VISIBILITY = YES;
				SWIFT_VERSION = 5.0;
			};
			name = Debug;
		};
		C0447D8F2FB6311C00E328F3 /* Release */ = {
			isa = XCBuildConfiguration;
			buildSettings = {
				ASSETCATALOG_COMPILER_APPICON_NAME = AppIcon;
				ASSETCATALOG_COMPILER_GLOBAL_ACCENT_COLOR_NAME = AccentColor;
				CODE_SIGN_STYLE = Automatic;
				COMBINE_HIDPI_IMAGES = YES;
				CURRENT_PROJECT_VERSION = 1;
				DEVELOPMENT_TEAM = "";
				ENABLE_APP_SANDBOX = NO;
				ENABLE_HARDENED_RUNTIME = YES;
				ENABLE_INCOMING_NETWORK_CONNECTIONS = NO;
				ENABLE_OUTGOING_NETWORK_CONNECTIONS = YES;
				ENABLE_PREVIEWS = YES;
				ENABLE_RESOURCE_ACCESS_AUDIO_INPUT = YES;
				ENABLE_RESOURCE_ACCESS_BLUETOOTH = NO;
				ENABLE_RESOURCE_ACCESS_CALENDARS = YES;
				ENABLE_RESOURCE_ACCESS_CAMERA = NO;
				ENABLE_RESOURCE_ACCESS_CONTACTS = NO;
				ENABLE_RESOURCE_ACCESS_LOCATION = YES;
				ENABLE_RESOURCE_ACCESS_PRINTING = NO;
				ENABLE_RESOURCE_ACCESS_USB = NO;
				ENABLE_USER_SCRIPT_SANDBOXING = NO;
				ENABLE_USER_SELECTED_FILES = readonly;
				GENERATE_INFOPLIST_FILE = YES;
				INFOPLIST_KEY_NSAppleEventsUsageDescription = "윈도우를 Xeneon Edge 디스플레이로 이동하기 위해 사용합니다";
				INFOPLIST_KEY_NSCalendarsFullAccessUsageDescription = "macOS Calendar와 Outlook 일정을 위젯에 표시합니다.";
				INFOPLIST_KEY_NSCalendarsUsageDescription = "macOS Calendar와 Outlook 일정을 위젯에 표시합니다.";
				INFOPLIST_KEY_NSHumanReadableCopyright = "";
				INFOPLIST_KEY_NSLocationWhenInUseUsageDescription = "현재 위치 기반 날씨 정보를 표시하기 위해 사용합니다.";
				INFOPLIST_KEY_NSMicrophoneUsageDescription = "회의록 모듈에서 회의를 녹음하기 위해 마이크를 사용합니다.";
				INFOPLIST_KEY_NSRemindersFullAccessUsageDescription = "macOS 미리알림을 위젯에 표시하고, 칸반 전용 컬럼에서 읽기·생성·수정·완료하기 위해 사용합니다.";
				INFOPLIST_KEY_NSRemindersUsageDescription = "macOS 미리알림을 위젯에 표시하고, 칸반 전용 컬럼에서 읽기·생성·수정·완료하기 위해 사용합니다.";
				LD_RUNPATH_SEARCH_PATHS = (
					"$(inherited)",
					"@executable_path/../Frameworks",
				);
				MACOSX_DEPLOYMENT_TARGET = 14.0;
				MARKETING_VERSION = 0.3.138;
				PRODUCT_BUNDLE_IDENTIFIER = com.jyp.EdgeLauncher;
				PRODUCT_NAME = "$(TARGET_NAME)";
				REGISTER_APP_GROUPS = YES;
				STRING_CATALOG_GENERATE_SYMBOLS = YES;
				SWIFT_APPROACHABLE_CONCURRENCY = YES;
				SWIFT_DEFAULT_ACTOR_ISOLATION = MainActor;
				SWIFT_EMIT_LOC_STRINGS = YES;
				SWIFT_UPCOMING_FEATURE_MEMBER_IMPORT_VISIBILITY = YES;
				SWIFT_VERSION = 5.0;
			};
			name = Release;
		};
		C0447D9B2FB6338700E328F3 /* Debug */ = {
			isa = XCBuildConfiguration;
			buildSettings = {
				BUNDLE_LOADER = "$(TEST_HOST)";
				CODE_SIGN_STYLE = Automatic;
				CURRENT_PROJECT_VERSION = 1;
				DEVELOPMENT_TEAM = "";
				GENERATE_INFOPLIST_FILE = YES;
				MARKETING_VERSION = 0.3.138;
				PRODUCT_BUNDLE_IDENTIFIER = com.jyp.EdgeLauncher.Tests;
				PRODUCT_NAME = "$(TARGET_NAME)";
				STRING_CATALOG_GENERATE_SYMBOLS = NO;
				SWIFT_APPROACHABLE_CONCURRENCY = YES;
				SWIFT_EMIT_LOC_STRINGS = NO;
				SWIFT_UPCOMING_FEATURE_MEMBER_IMPORT_VISIBILITY = YES;
				SWIFT_VERSION = 5.0;
				TEST_HOST = "$(BUILT_PRODUCTS_DIR)/EdgeLauncher.app/$(BUNDLE_EXECUTABLE_FOLDER_PATH)/EdgeLauncher";
			};
			name = Debug;
		};
		C0447D9C2FB6338700E328F3 /* Release */ = {
			isa = XCBuildConfiguration;
			buildSettings = {
				BUNDLE_LOADER = "$(TEST_HOST)";
				CODE_SIGN_STYLE = Automatic;
				CURRENT_PROJECT_VERSION = 1;
				DEVELOPMENT_TEAM = "";
				GENERATE_INFOPLIST_FILE = YES;
				MARKETING_VERSION = 0.3.138;
				PRODUCT_BUNDLE_IDENTIFIER = com.jyp.EdgeLauncher.Tests;
				PRODUCT_NAME = "$(TARGET_NAME)";
				STRING_CATALOG_GENERATE_SYMBOLS = NO;
				SWIFT_APPROACHABLE_CONCURRENCY = YES;
				SWIFT_EMIT_LOC_STRINGS = NO;
				SWIFT_UPCOMING_FEATURE_MEMBER_IMPORT_VISIBILITY = YES;
				SWIFT_VERSION = 5.0;
				TEST_HOST = "$(BUILT_PRODUCTS_DIR)/EdgeLauncher.app/$(BUNDLE_EXECUTABLE_FOLDER_PATH)/EdgeLauncher";
			};
			name = Release;
		};
/* End XCBuildConfiguration section */

/* Begin XCConfigurationList section */
		C0447D7D2FB6311B00E328F3 /* Build configuration list for PBXProject "EdgeLauncher" */ = {
			isa = XCConfigurationList;
			buildConfigurations = (
				C0447D8B2FB6311C00E328F3 /* Debug */,
				C0447D8C2FB6311C00E328F3 /* Release */,
			);
			defaultConfigurationIsVisible = 0;
			defaultConfigurationName = Release;
		};
		C0447D8D2FB6311C00E328F3 /* Build configuration list for PBXNativeTarget "EdgeLauncher" */ = {
			isa = XCConfigurationList;
			buildConfigurations = (
				C0447D8E2FB6311C00E328F3 /* Debug */,
				C0447D8F2FB6311C00E328F3 /* Release */,
			);
			defaultConfigurationIsVisible = 0;
			defaultConfigurationName = Release;
		};
		C0447D9A2FB6338700E328F3 /* Build configuration list for PBXNativeTarget "EdgeLauncherTests" */ = {
			isa = XCConfigurationList;
			buildConfigurations = (
				C0447D9B2FB6338700E328F3 /* Debug */,
				C0447D9C2FB6338700E328F3 /* Release */,
			);
			defaultConfigurationIsVisible = 0;
			defaultConfigurationName = Release;
		};
/* End XCConfigurationList section */

/* Begin XCLocalSwiftPackageReference section */
		MR00000001 /* XCLocalSwiftPackageReference "../MeetingRecorder" */ = {
			isa = XCLocalSwiftPackageReference;
			relativePath = ../MeetingRecorder;
		};
/* End XCLocalSwiftPackageReference section */

/* Begin XCSwiftPackageProductDependency section */
		MR00000011 /* DomainModels */ = {
			isa = XCSwiftPackageProductDependency;
			productName = DomainModels;
		};
		MR00000012 /* LibraryStore */ = {
			isa = XCSwiftPackageProductDependency;
			productName = LibraryStore;
		};
		MR00000013 /* RecordingEngine */ = {
			isa = XCSwiftPackageProductDependency;
			productName = RecordingEngine;
		};
		MR00000014 /* Transcriber */ = {
			isa = XCSwiftPackageProductDependency;
			productName = Transcriber;
		};
		MR00000015 /* Diarizer */ = {
			isa = XCSwiftPackageProductDependency;
			productName = Diarizer;
		};
		MR00000016 /* Summarizer */ = {
			isa = XCSwiftPackageProductDependency;
			productName = Summarizer;
		};
		MR00000017 /* Pipeline */ = {
			isa = XCSwiftPackageProductDependency;
			productName = Pipeline;
		};
		MR00000018 /* PrivacyController */ = {
			isa = XCSwiftPackageProductDependency;
			productName = PrivacyController;
		};
		MR00000019 /* UI */ = {
			isa = XCSwiftPackageProductDependency;
			productName = UI;
		};
		MR0000001A /* RecordingCoordinator */ = {
			isa = XCSwiftPackageProductDependency;
			productName = RecordingCoordinator;
		};
/* End XCSwiftPackageProductDependency section */
	};
	rootObject = C0447D7A2FB6311B00E328F3 /* Project object */;
}
